
Microsoft Visual Studio Solution File, Format Version 12.00
# Visual Studio Version 17
VisualStudioVersion = 17.0.31903.59
MinimumVisualStudioVersion = 10.0.40219.1
Project("{FAE04EC0-301F-11D3-BF4B-00C04F79EFBC}") = "Angular13dotNetCoreAPIs", "Angular13dotNetCoreAPIs.csproj", "{0F400732-82EF-4DD7-A109-03B30DA5F482}"
EndProject
Global
	GlobalSection(SolutionConfigurationPlatforms) = preSolution
		Debug|Any CPU = Debug|Any CPU
		Release|Any CPU = Release|Any CPU
	EndGlobalSection
	GlobalSection(ProjectConfigurationPlatforms) = postSolution
		{0F400732-82EF-4DD7-A109-03B30DA5F482}.Debug|Any CPU.ActiveCfg = Debug|Any CPU
		{0F400732-82EF-4DD7-A109-03B30DA5F482}.Debug|Any CPU.Build.0 = Debug|Any CPU
		{0F400732-82EF-4DD7-A109-03B30DA5F482}.Release|Any CPU.ActiveCfg = Release|Any CPU
		{0F400732-82EF-4DD7-A109-03B30DA5F482}.Release|Any CPU.Build.0 = Release|Any CPU
	EndGlobalSection
	GlobalSection(SolutionProperties) = preSolution
		HideSolutionNode = FALSE
	EndGlobalSection
	GlobalSection(ExtensibilityGlobals) = postSolution
		SolutionGuid = {953134A2-065E-4841-811D-A3F78CF80B6D}
	EndGlobalSection
EndGlobal
